
Microsoft Visual Studio Solution File, Format Version 12.00
# Visual Studio Version 17
VisualStudioVersion = 17.0.31903.59
MinimumVisualStudioVersion = 10.0.40219.1
Project("{9A19103F-16F7-4668-BE54-9A1E7A4F7556}") = "OnClass.API", "OnClass.API\OnClass.API.csproj", "{EED4240D-EE71-4277-8841-DE7B7C4F21B7}"
EndProject
Project("{9A19103F-16F7-4668-BE54-9A1E7A4F7556}") = "OnClass.Infra", "OnClass.Infra\OnClass.Infra.csproj", "{6BDA5723-751C-4D86-99FE-BBB1184F640B}"
EndProject
Project("{9A19103F-16F7-4668-BE54-9A1E7A4F7556}") = "OnClass.Domain", "OnClass.Domain\OnClass.Domain.csproj", "{3344D01E-7A08-4ED7-8728-8262A8DEB258}"
EndProject
Project("{FAE04EC0-301F-11D3-BF4B-00C04F79EFBC}") = "OnClass.Exceptions", "OnClass.Exceptions\OnClass.Exceptions.csproj", "{288A1450-FE9A-4D83-A94E-4A589A3CC6C8}"
EndProject
Project("{FAE04EC0-301F-11D3-BF4B-00C04F79EFBC}") = "OnClass.DTO", "OnClass.DTO\OnClass.DTO.csproj", "{252E1DF0-32F8-414F-B7A9-91F20A186D15}"
EndProject
Project("{FAE04EC0-301F-11D3-BF4B-00C04F79EFBC}") = "OnClass.Mapper", "OnClass.Mapper\OnClass.Mapper.csproj", "{A31A3183-60DE-4082-87CD-3BF6ED10B184}"
EndProject
Project("{2150E333-8FDC-42A3-9474-1A3956D46DE8}") = "Solution Items", "Solution Items", "{A4A12ABB-DFB8-4DC4-8CD5-E3D8837C9CE3}"
	ProjectSection(SolutionItems) = preProject
		.editorconfig = .editorconfig
	EndProjectSection
EndProject
Project("{FAE04EC0-301F-11D3-BF4B-00C04F79EFBC}") = "OnClass.Service", "OnClass.Service\OnClass.Service.csproj", "{A0FE1A29-4AAE-4D51-8207-4699C307CE23}"
EndProject
Project("{FAE04EC0-301F-11D3-BF4B-00C04F79EFBC}") = "OnClass.Helpers", "OnClass.Helpers\OnClass.Helpers.csproj", "{4AF8FF78-E88B-47D1-855A-86A725CEE43B}"
EndProject
Global
	GlobalSection(SolutionConfigurationPlatforms) = preSolution
		Debug|Any CPU = Debug|Any CPU
		Release|Any CPU = Release|Any CPU
	EndGlobalSection
	GlobalSection(ProjectConfigurationPlatforms) = postSolution
		{EED4240D-EE71-4277-8841-DE7B7C4F21B7}.Debug|Any CPU.ActiveCfg = Debug|Any CPU
		{EED4240D-EE71-4277-8841-DE7B7C4F21B7}.Debug|Any CPU.Build.0 = Debug|Any CPU
		{EED4240D-EE71-4277-8841-DE7B7C4F21B7}.Release|Any CPU.ActiveCfg = Release|Any CPU
		{EED4240D-EE71-4277-8841-DE7B7C4F21B7}.Release|Any CPU.Build.0 = Release|Any CPU
		{6BDA5723-751C-4D86-99FE-BBB1184F640B}.Debug|Any CPU.ActiveCfg = Debug|Any CPU
		{6BDA5723-751C-4D86-99FE-BBB1184F640B}.Debug|Any CPU.Build.0 = Debug|Any CPU
		{6BDA5723-751C-4D86-99FE-BBB1184F640B}.Release|Any CPU.ActiveCfg = Release|Any CPU
		{6BDA5723-751C-4D86-99FE-BBB1184F640B}.Release|Any CPU.Build.0 = Release|Any CPU
		{3344D01E-7A08-4ED7-8728-8262A8DEB258}.Debug|Any CPU.ActiveCfg = Debug|Any CPU
		{3344D01E-7A08-4ED7-8728-8262A8DEB258}.Debug|Any CPU.Build.0 = Debug|Any CPU
		{3344D01E-7A08-4ED7-8728-8262A8DEB258}.Release|Any CPU.ActiveCfg = Release|Any CPU
		{3344D01E-7A08-4ED7-8728-8262A8DEB258}.Release|Any CPU.Build.0 = Release|Any CPU
		{288A1450-FE9A-4D83-A94E-4A589A3CC6C8}.Debug|Any CPU.ActiveCfg = Debug|Any CPU
		{288A1450-FE9A-4D83-A94E-4A589A3CC6C8}.Debug|Any CPU.Build.0 = Debug|Any CPU
		{288A1450-FE9A-4D83-A94E-4A589A3CC6C8}.Release|Any CPU.ActiveCfg = Release|Any CPU
		{288A1450-FE9A-4D83-A94E-4A589A3CC6C8}.Release|Any CPU.Build.0 = Release|Any CPU
		{252E1DF0-32F8-414F-B7A9-91F20A186D15}.Debug|Any CPU.ActiveCfg = Debug|Any CPU
		{252E1DF0-32F8-414F-B7A9-91F20A186D15}.Debug|Any CPU.Build.0 = Debug|Any CPU
		{252E1DF0-32F8-414F-B7A9-91F20A186D15}.Release|Any CPU.ActiveCfg = Release|Any CPU
		{252E1DF0-32F8-414F-B7A9-91F20A186D15}.Release|Any CPU.Build.0 = Release|Any CPU
		{A31A3183-60DE-4082-87CD-3BF6ED10B184}.Debug|Any CPU.ActiveCfg = Debug|Any CPU
		{A31A3183-60DE-4082-87CD-3BF6ED10B184}.Debug|Any CPU.Build.0 = Debug|Any CPU
		{A31A3183-60DE-4082-87CD-3BF6ED10B184}.Release|Any CPU.ActiveCfg = Release|Any CPU
		{A31A3183-60DE-4082-87CD-3BF6ED10B184}.Release|Any CPU.Build.0 = Release|Any CPU
		{A0FE1A29-4AAE-4D51-8207-4699C307CE23}.Debug|Any CPU.ActiveCfg = Debug|Any CPU
		{A0FE1A29-4AAE-4D51-8207-4699C307CE23}.Debug|Any CPU.Build.0 = Debug|Any CPU
		{A0FE1A29-4AAE-4D51-8207-4699C307CE23}.Release|Any CPU.ActiveCfg = Release|Any CPU
		{A0FE1A29-4AAE-4D51-8207-4699C307CE23}.Release|Any CPU.Build.0 = Release|Any CPU
		{4AF8FF78-E88B-47D1-855A-86A725CEE43B}.Debug|Any CPU.ActiveCfg = Debug|Any CPU
		{4AF8FF78-E88B-47D1-855A-86A725CEE43B}.Debug|Any CPU.Build.0 = Debug|Any CPU
		{4AF8FF78-E88B-47D1-855A-86A725CEE43B}.Release|Any CPU.ActiveCfg = Release|Any CPU
		{4AF8FF78-E88B-47D1-855A-86A725CEE43B}.Release|Any CPU.Build.0 = Release|Any CPU
	EndGlobalSection
	GlobalSection(SolutionProperties) = preSolution
		HideSolutionNode = FALSE
	EndGlobalSection
	GlobalSection(ExtensibilityGlobals) = postSolution
		SolutionGuid = {961CF0F0-D963-4F0D-A706-D21FAB6AD704}
	EndGlobalSection
EndGlobal
