
Microsoft Visual Studio Solution File, Format Version 12.00
# Visual Studio Version 17
VisualStudioVersion = 17.0.31903.59
MinimumVisualStudioVersion = 10.0.40219.1
Project("{FAE04EC0-301F-11D3-BF4B-00C04F79EFBC}") = "OnClassAPI", "OnClassAPI\OnClassAPI.csproj", "{DD2B4A72-4DF7-499B-8640-197C5E5DBE45}"
EndProject
Global
	GlobalSection(SolutionConfigurationPlatforms) = preSolution
		Debug|Any CPU = Debug|Any CPU
		Release|Any CPU = Release|Any CPU
	EndGlobalSection
	GlobalSection(ProjectConfigurationPlatforms) = postSolution
		{DD2B4A72-4DF7-499B-8640-197C5E5DBE45}.Debug|Any CPU.ActiveCfg = Debug|Any CPU
		{DD2B4A72-4DF7-499B-8640-197C5E5DBE45}.Debug|Any CPU.Build.0 = Debug|Any CPU
		{DD2B4A72-4DF7-499B-8640-197C5E5DBE45}.Release|Any CPU.ActiveCfg = Release|Any CPU
		{DD2B4A72-4DF7-499B-8640-197C5E5DBE45}.Release|Any CPU.Build.0 = Release|Any CPU
	EndGlobalSection
	GlobalSection(SolutionProperties) = preSolution
		HideSolutionNode = FALSE
	EndGlobalSection
	GlobalSection(ExtensibilityGlobals) = postSolution
		SolutionGuid = {856306F6-BA9C-4195-9F07-453FAD0DDD32}
	EndGlobalSection
EndGlobal
